github.com/manfredcostahomes/de v0.0.0-20211019161439-44cada14c087 h1:CZw3u8lFpgCkLrNEReUunVh/3y+pAL0VwyD48llh6xI=
github.com/manfredcostahomes/de v0.0.0-20211019161439-44cada14c087/go.mod h1:/iZ7nn72ry7NIN6B7xlAnthbxe6foR8fK4A07+nO3w4=
github.com/manfredcostahomes/property v0.0.0-20211020135609-23987731b701 h1:f/oSFyQpqvGcXPX6UOpyxSMLVDqjHDltVrAbq2eOFoM=
github.com/manfredcostahomes/property v0.0.0-20211020135609-23987731b701/go.mod h1:o/CByZ6J2Z2Cuox8Yl+HZ7xzf4AQ6hXCIE2Z+3tCOas=
